// !$*UTF8*$!
{
	archiveVersion = 1;
	classes = {
	};
	objectVersion = 50;
	objects = {

/* Begin PBXBuildFile section */
		93AF80F62308EC420045E574 /* AppDelegate.m in Sources */ = {isa = PBXBuildFile; fileRef = 93AF80F52308EC420045E574 /* AppDelegate.m */; };
		93AF80F92308EC420045E574 /* ViewController.m in Sources */ = {isa = PBXBuildFile; fileRef = 93AF80F82308EC420045E574 /* ViewController.m */; };
		93AF80FC2308EC420045E574 /* Main.storyboard in Resources */ = {isa = PBXBuildFile; fileRef = 93AF80FA2308EC420045E574 /* Main.storyboard */; };
		93AF80FE2308EC430045E574 /* Assets.xcassets in Resources */ = {isa = PBXBuildFile; fileRef = 93AF80FD2308EC430045E574 /* Assets.xcassets */; };
		93AF81012308EC430045E574 /* LaunchScreen.storyboard in Resources */ = {isa = PBXBuildFile; fileRef = 93AF80FF2308EC430045E574 /* LaunchScreen.storyboard */; };
		93AF81042308EC430045E574 /* main.m in Sources */ = {isa = PBXBuildFile; fileRef = 93AF81032308EC430045E574 /* main.m */; };
/* End PBXBuildFile section */

/* Begin PBXFileReference section */
		93AF80F12308EC420045E574 /* ToolbarSample.app */ = {isa = PBXFileReference; explicitFileType = wrapper.application; includeInIndex = 0; path = ToolbarSample.app; sourceTree = BUILT_PRODUCTS_DIR; };
		93AF80F42308EC420045E574 /* AppDelegate.h */ = {isa = PBXFileReference; lastKnownFileType = sourcecode.c.h; path = AppDelegate.h; sourceTree = "<group>"; };
		93AF80F52308EC420045E574 /* AppDelegate.m */ = {isa = PBXFileReference; lastKnownFileType = sourcecode.c.objc; path = AppDelegate.m; sourceTree = "<group>"; };
		93AF80F72308EC420045E574 /* ViewController.h */ = {isa = PBXFileReference; lastKnownFileType = sourcecode.c.h; path = ViewController.h; sourceTree = "<group>"; };
		93AF80F82308EC420045E574 /* ViewController.m */ = {isa = PBXFileReference; lastKnownFileType = sourcecode.c.objc; path = ViewController.m; sourceTree = "<group>"; };
		93AF80FB2308EC420045E574 /* Base */ = {isa = PBXFileReference; lastKnownFileType = file.storyboard; name = Base; path = Base.lproj/Main.storyboard; sourceTree = "<group>"; };
		93AF80FD2308EC430045E574 /* Assets.xcassets */ = {isa = PBXFileReference; lastKnownFileType = folder.assetcatalog; path = Assets.xcassets; sourceTree = "<group>"; };
		93AF81002308EC430045E574 /* Base */ = {isa = PBXFileReference; lastKnownFileType = file.storyboard; name = Base; path = Base.lproj/LaunchScreen.storyboard; sourceTree = "<group>"; };
		93AF81022308EC430045E574 /* Info.plist */ = {isa = PBXFileReference; lastKnownFileType = text.plist.xml; path = Info.plist; sourceTree = "<group>"; };
		93AF81032308EC430045E574 /* main.m */ = {isa = PBXFileReference; lastKnownFileType = sourcecode.c.objc; path = main.m; sourceTree = "<group>"; };
/* End PBXFileReference section */

/* Begin PBXFrameworksBuildPhase section */
		93AF80EE2308EC420045E574 /* Frameworks */ = {
			isa = PBXFrameworksBuildPhase;
			buildActionMask = 2147483647;
			files = (
			);
			runOnlyForDeploymentPostprocessing = 0;
		};
/* End PBXFrameworksBuildPhase section */

/* Begin PBXGroup section */
		93AF80E82308EC420045E574 = {
			isa = PBXGroup;
			children = (
				93AF80F32308EC420045E574 /* ToolbarSample */,
				93AF80F22308EC420045E574 /* Products */,
			);
			sourceTree = "<group>";
		};
		93AF80F22308EC420045E574 /* Products */ = {
			isa = PBXGroup;
			children = (
				93AF80F12308EC420045E574 /* ToolbarSample.app */,
			);
			name = Products;
			sourceTree = "<group>";
		};
		93AF80F32308EC420045E574 /* ToolbarSample */ = {
			isa = PBXGroup;
			children = (
				93AF80F42308EC420045E574 /* AppDelegate.h */,
				93AF80F52308EC420045E574 /* AppDelegate.m */,
				93AF80F72308EC420045E574 /* ViewController.h */,
				93AF80F82308EC420045E574 /* ViewController.m */,
				93AF80FA2308EC420045E574 /* Main.storyboard */,
				93AF80FD2308EC430045E574 /* Assets.xcassets */,
				93AF80FF2308EC430045E574 /* LaunchScreen.storyboard */,
				93AF81022308EC430045E574 /* Info.plist */,
				93AF81032308EC430045E574 /* main.m */,
			);
			path = ToolbarSample;
			sourceTree = "<group>";
		};
/* End PBXGroup section */

/* Begin PBXNativeTarget section */
		93AF80F02308EC420045E574 /* ToolbarSample */ = {
			isa = PBXNativeTarget;
			buildConfigurationList = 93AF81072308EC430045E574 /* Build configuration list for PBXNativeTarget "ToolbarSample" */;
			buildPhases = (
				93AF80ED2308EC420045E574 /* Sources */,
				93AF80EE2308EC420045E574 /* Frameworks */,
				93AF80EF2308EC420045E574 /* Resources */,
			);
			buildRules = (
			);
			dependencies = (
			);
			name = ToolbarSample;
			productName = ToolbarSample;
			productReference = 93AF80F12308EC420045E574 /* ToolbarSample.app */;
			productType = "com.apple.product-type.application";
		};
/* End PBXNativeTarget section */

/* Begin PBXProject section */
		93AF80E92308EC420045E574 /* Project object */ = {
			isa = PBXProject;
			attributes = {
				LastUpgradeCheck = 1030;
				ORGANIZATIONNAME = Grant;
				TargetAttributes = {
					93AF80F02308EC420045E574 = {
						CreatedOnToolsVersion = 10.3;
					};
				};
			};
			buildConfigurationList = 93AF80EC2308EC420045E574 /* Build configuration list for PBXProject "ToolbarSample" */;
			compatibilityVersion = "Xcode 9.3";
			developmentRegion = en;
			hasScannedForEncodings = 0;
			knownRegions = (
				en,
				Base,
			);
			mainGroup = 93AF80E82308EC420045E574;
			productRefGroup = 93AF80F22308EC420045E574 /* Products */;
			projectDirPath = "";
			projectRoot = "";
			targets = (
				93AF80F02308EC420045E574 /* ToolbarSample */,
			);
		};
/* End PBXProject section */

/* Begin PBXResourcesBuildPhase section */
		93AF80EF2308EC420045E574 /* Resources */ = {
			isa = PBXResourcesBuildPhase;
			buildActionMask = 2147483647;
			files = (
				93AF81012308EC430045E574 /* LaunchScreen.storyboard in Resources */,
				93AF80FE2308EC430045E574 /* Assets.xcassets in Resources */,
				93AF80FC2308EC420045E574 /* Main.storyboard in Resources */,
			);
			runOnlyForDeploymentPostprocessing = 0;
		};
/* End PBXResourcesBuildPhase section */

/* Begin PBXSourcesBuildPhase section */
		93AF80ED2308EC420045E574 /* Sources */ = {
			isa = PBXSourcesBuildPhase;
			buildActionMask = 2147483647;
			files = (
				93AF80F92308EC420045E574 /* ViewController.m in Sources */,
				93AF81042308EC430045E574 /* main.m in Sources */,
				93AF80F62308EC420045E574 /* AppDelegate.m in Sources */,
			);
			runOnlyForDeploymentPostprocessing = 0;
		};
/* End PBXSourcesBuildPhase section */

/* Begin PBXVariantGroup section */
		93AF80FA2308EC420045E574 /* Main.storyboard */ = {
			isa = PBXVariantGroup;
			children = (
				93AF80FB2308EC420045E574 /* Base */,
			);
			name = Main.storyboard;
			sourceTree = "<group>";
		};
		93AF80FF2308EC430045E574 /* LaunchScreen.storyboard */ = {
			isa = PBXVariantGroup;
			children = (
				93AF81002308EC430045E574 /* Base */,
			);
			name = LaunchScreen.storyboard;
			sourceTree = "<group>";
		};
/* End PBXVariantGroup section */

/* Begin XCBuildConfiguration section */
		93AF81052308EC430045E574 /* Debug */ = {
			isa = XCBuildConfiguration;
			buildSettings = {
				ALWAYS_SEARCH_USER_PATHS = NO;
				CLANG_ANALYZER_NONNULL = YES;
				CLANG_ANALYZER_NUMBER_OBJECT_CONVERSION = YES_AGGRESSIVE;
				CLANG_CXX_LANGUAGE_STANDARD = "gnu++14";
				CLANG_CXX_LIBRARY = "libc++";
				CLANG_ENABLE_MODULES = YES;
				CLANG_ENABLE_OBJC_ARC = YES;
				CLANG_ENABLE_OBJC_WEAK = YES;
				CLANG_WARN_BLOCK_CAPTURE_AUTORELEASING = YES;
				CLANG_WARN_BOOL_CONVERSION = YES;
				CLANG_WARN_COMMA = YES;
				CLANG_WARN_CONSTANT_CONVERSION = YES;
				CLANG_WARN_DEPRECATED_OBJC_IMPLEMENTATIONS = YES;
				CLANG_WARN_DIRECT_OBJC_ISA_USAGE = YES_ERROR;
				CLANG_WARN_DOCUMENTATION_COMMENTS = YES;
				CLANG_WARN_EMPTY_BODY = YES;
				CLANG_WARN_ENUM_CONVERSION = YES;
				CLANG_WARN_INFINITE_RECURSION = YES;
				CLANG_WARN_INT_CONVERSION = YES;
				CLANG_WARN_NON_LITERAL_NULL_CONVERSION = YES;
				CLANG_WARN_OBJC_IMPLICIT_RETAIN_SELF = YES;
				CLANG_WARN_OBJC_LITERAL_CONVERSION = YES;
				CLANG_WARN_OBJC_ROOT_CLASS = YES_ERROR;
				CLANG_WARN_RANGE_LOOP_ANALYSIS = YES;
				CLANG_WARN_STRICT_PROTOTYPES = YES;
				CLANG_WARN_SUSPICIOUS_MOVE = YES;
				CLANG_WARN_UNGUARDED_AVAILABILITY = YES_AGGRESSIVE;
				CLANG_WARN_UNREACHABLE_CODE = YES;
				CLANG_WARN__DUPLICATE_METHOD_MATCH = YES;
				CODE_SIGN_IDENTITY = "iPhone Developer";
				COPY_PHASE_STRIP = NO;
				DEBUG_INFORMATION_FORMAT = dwarf;
				ENABLE_STRICT_OBJC_MSGSEND = YES;
				ENABLE_TESTABILITY = YES;
				GCC_C_LANGUAGE_STANDARD = gnu11;
				GCC_DYNAMIC_NO_PIC = NO;
				GCC_NO_COMMON_BLOCKS = YES;
				GCC_OPTIMIZATION_LEVEL = 0;
				GCC_PREPROCESSOR_DEFINITIONS = (
					"DEBUG=1",
					"$(inherited)",
				);
				GCC_WARN_64_TO_32_BIT_CONVERSION = YES;
				GCC_WARN_ABOUT_RETURN_TYPE = YES_ERROR;
				GCC_WARN_UNDECLARED_SELECTOR = YES;
				GCC_WARN_UNINITIALIZED_AUTOS = YES_AGGRESSIVE;
				GCC_WARN_UNUSED_FUNCTION = YES;
				GCC_WARN_UNUSED_VARIABLE = YES;
				IPHONEOS_DEPLOYMENT_TARGET = 12.4;
				MTL_ENABLE_DEBUG_INFO = INCLUDE_SOURCE;
				MTL_FAST_MATH = YES;
				ONLY_ACTIVE_ARCH = YES;
				SDKROOT = iphoneos;
			};
			name = Debug;
		};
		93AF81062308EC430045E574 /* Release */ = {
			isa = XCBuildConfiguration;
			buildSettings = {
				ALWAYS_SEARCH_USER_PATHS = NO;
				CLANG_ANALYZER_NONNULL = YES;
				CLANG_ANALYZER_NUMBER_OBJECT_CONVERSION = YES_AGGRESSIVE;
				CLANG_CXX_LANGUAGE_STANDARD = "gnu++14";
				CLANG_CXX_LIBRARY = "libc++";
				CLANG_ENABLE_MODULES = YES;
				CLANG_ENABLE_OBJC_ARC = YES;
				CLANG_ENABLE_OBJC_WEAK = YES;
				CLANG_WARN_BLOCK_CAPTURE_AUTORELEASING = YES;
				CLANG_WARN_BOOL_CONVERSION = YES;
				CLANG_WARN_COMMA = YES;
				CLANG_WARN_CONSTANT_CONVERSION = YES;
				CLANG_WARN_DEPRECATED_OBJC_IMPLEMENTATIONS = YES;
				CLANG_WARN_DIRECT_OBJC_ISA_USAGE = YES_ERROR;
				CLANG_WARN_DOCUMENTATION_COMMENTS = YES;
				CLANG_WARN_EMPTY_BODY = YES;
				CLANG_WARN_ENUM_CONVERSION = YES;
				CLANG_WARN_INFINITE_RECURSION = YES;
				CLANG_WARN_INT_CONVERSION = YES;
				CLANG_WARN_NON_LITERAL_NULL_CONVERSION = YES;
				CLANG_WARN_OBJC_IMPLICIT_RETAIN_SELF = YES;
				CLANG_WARN_OBJC_LITERAL_CONVERSION = YES;
				CLANG_WARN_OBJC_ROOT_CLASS = YES_ERROR;
				CLANG_WARN_RANGE_LOOP_ANALYSIS = YES;
				CLANG_WARN_STRICT_PROTOTYPES = YES;
				CLANG_WARN_SUSPICIOUS_MOVE = YES;
				CLANG_WARN_UNGUARDED_AVAILABILITY = YES_AGGRESSIVE;
				CLANG_WARN_UNREACHABLE_CODE = YES;
				CLANG_WARN__DUPLICATE_METHOD_MATCH = YES;
				CODE_SIGN_IDENTITY = "iPhone Developer";
				COPY_PHASE_STRIP = NO;
				DEBUG_INFORMATION_FORMAT = "dwarf-with-dsym";
				ENABLE_NS_ASSERTIONS = NO;
				ENABLE_STRICT_OBJC_MSGSEND = YES;
				GCC_C_LANGUAGE_STANDARD = gnu11;
				GCC_NO_COMMON_BLOCKS = YES;
				GCC_WARN_64_TO_32_BIT_CONVERSION = YES;
				GCC_WARN_ABOUT_RETURN_TYPE = YES_ERROR;
				GCC_WARN_UNDECLARED_SELECTOR = YES;
				GCC_WARN_UNINITIALIZED_AUTOS = YES_AGGRESSIVE;
				GCC_WARN_UNUSED_FUNCTION = YES;
				GCC_WARN_UNUSED_VARIABLE = YES;
				IPHONEOS_DEPLOYMENT_TARGET = 12.4;
				MTL_ENABLE_DEBUG_INFO = NO;
				MTL_FAST_MATH = YES;
				SDKROOT = iphoneos;
				VALIDATE_PRODUCT = YES;
			};
			name = Release;
		};
		93AF81082308EC430045E574 /* Debug */ = {
			isa = XCBuildConfiguration;
			buildSettings = {
				ASSETCATALOG_COMPILER_APPICON_NAME = AppIcon;
				CODE_SIGN_STYLE = Automatic;
				DEVELOPMENT_TEAM = Z3K2T5JV4S;
				INFOPLIST_FILE = ToolbarSample/Info.plist;
				LD_RUNPATH_SEARCH_PATHS = (
					"$(inherited)",
					"@executable_path/Frameworks",
				);
				PRODUCT_BUNDLE_IDENTIFIER = com.grant.ToolbarSample;
				PRODUCT_NAME = "$(TARGET_NAME)";
				TARGETED_DEVICE_FAMILY = "1,2";
			};
			name = Debug;
		};
		93AF81092308EC430045E574 /* Release */ = {
			isa = XCBuildConfiguration;
			buildSettings = {
				ASSETCATALOG_COMPILER_APPICON_NAME = AppIcon;
				CODE_SIGN_STYLE = Automatic;
				DEVELOPMENT_TEAM = Z3K2T5JV4S;
				INFOPLIST_FILE = ToolbarSample/Info.plist;
				LD_RUNPATH_SEARCH_PATHS = (
					"$(inherited)",
					"@executable_path/Frameworks",
				);
				PRODUCT_BUNDLE_IDENTIFIER = com.grant.ToolbarSample;
				PRODUCT_NAME = "$(TARGET_NAME)";
				TARGETED_DEVICE_FAMILY = "1,2";
			};
			name = Release;
		};
/* End XCBuildConfiguration section */

/* Begin XCConfigurationList section */
		93AF80EC2308EC420045E574 /* Build configuration list for PBXProject "ToolbarSample" */ = {
			isa = XCConfigurationList;
			buildConfigurations = (
				93AF81052308EC430045E574 /* Debug */,
				93AF81062308EC430045E574 /* Release */,
			);
			defaultConfigurationIsVisible = 0;
			defaultConfigurationName = Release;
		};
		93AF81072308EC430045E574 /* Build configuration list for PBXNativeTarget "ToolbarSample" */ = {
			isa = XCConfigurationList;
			buildConfigurations = (
				93AF81082308EC430045E574 /* Debug */,
				93AF81092308EC430045E574 /* Release */,
			);
			defaultConfigurationIsVisible = 0;
			defaultConfigurationName = Release;
		};
/* End XCConfigurationList section */
	};
	rootObject = 93AF80E92308EC420045E574 /* Project object */;
}
